// !$*UTF8*$!
{
	archiveVersion = 1;
	classes = {
	};
	objectVersion = 45;
	objects = {

/* Begin PBXBuildFile section */
		1C2B213B12158D3A004447A6 /* UIEventProvider.cpp in Sources */ = {isa = PBXBuildFile; fileRef = 1C2B213A12158D3A004447A6 /* UIEventProvider.cpp */; };
		1C2B21631215927D004447A6 /* IUIListener.cpp in Sources */ = {isa = PBXBuildFile; fileRef = 1C2B21621215927D004447A6 /* IUIListener.cpp */; };
		1C2B7A1112268B0E00AC489E /* XMLNode.cpp in Sources */ = {isa = PBXBuildFile; fileRef = 1C2B7A1012268B0E00AC489E /* XMLNode.cpp */; };
		1C2B7A2612268FCD00AC489E /* XMLDocument.cpp in Sources */ = {isa = PBXBuildFile; fileRef = 1C2B7A2512268FCD00AC489E /* XMLDocument.cpp */; };
		1C2B7A2B1226927F00AC489E /* XMLElement.cpp in Sources */ = {isa = PBXBuildFile; fileRef = 1C2B7A2A1226927F00AC489E /* XMLElement.cpp */; };
		1C36900B122D3CE2008FFF7C /* MacPath.mm in Sources */ = {isa = PBXBuildFile; fileRef = 1C36900A122D3CE2008FFF7C /* MacPath.mm */; };
		1C369038122D447D008FFF7C /* MacPathManager.mm in Sources */ = {isa = PBXBuildFile; fileRef = 1C369037122D447D008FFF7C /* MacPathManager.mm */; };
		1C369276122D4E65008FFF7C /* Graphics in Resources */ = {isa = PBXBuildFile; fileRef = 1C3691D0122D4E65008FFF7C /* Graphics */; };
		1C41475611EF3749003A48F8 /* ContactListController.mm in Sources */ = {isa = PBXBuildFile; fileRef = 1C41475511EF3749003A48F8 /* ContactListController.mm */; };
		1C4147B911EF37DA003A48F8 /* IThread.cpp in Sources */ = {isa = PBXBuildFile; fileRef = 1C41476A11EF37D8003A48F8 /* IThread.cpp */; };
		1C4147BA11EF37DA003A48F8 /* MacPlatform.mm in Sources */ = {isa = PBXBuildFile; fileRef = 1C41476E11EF37D8003A48F8 /* MacPlatform.mm */; };
		1C4147BB11EF37DA003A48F8 /* MacConnection.mm in Sources */ = {isa = PBXBuildFile; fileRef = 1C41477011EF37D8003A48F8 /* MacConnection.mm */; };
		1C4147BC11EF37DA003A48F8 /* MacConnectionManager.mm in Sources */ = {isa = PBXBuildFile; fileRef = 1C41477211EF37D8003A48F8 /* MacConnectionManager.mm */; };
		1C4147BD11EF37DA003A48F8 /* MacThread.mm in Sources */ = {isa = PBXBuildFile; fileRef = 1C41477411EF37D8003A48F8 /* MacThread.mm */; };
		1C4147BE11EF37DA003A48F8 /* MacImageManager.mm in Sources */ = {isa = PBXBuildFile; fileRef = 1C41477611EF37D8003A48F8 /* MacImageManager.mm */; };
		1C4147BF11EF37DA003A48F8 /* MacCrypto.cpp in Sources */ = {isa = PBXBuildFile; fileRef = 1C41477811EF37D8003A48F8 /* MacCrypto.cpp */; };
		1C4147C011EF37DA003A48F8 /* MacMD5.cpp in Sources */ = {isa = PBXBuildFile; fileRef = 1C41477A11EF37D8003A48F8 /* MacMD5.cpp */; };
		1C4147C111EF37DA003A48F8 /* HTTPFormatter.cpp in Sources */ = {isa = PBXBuildFile; fileRef = 1C41477D11EF37D8003A48F8 /* HTTPFormatter.cpp */; };
		1C4147C211EF37DA003A48F8 /* Common.cpp in Sources */ = {isa = PBXBuildFile; fileRef = 1C41477F11EF37D8003A48F8 /* Common.cpp */; };
		1C4147C311EF37DA003A48F8 /* ProtocolMessage.cpp in Sources */ = {isa = PBXBuildFile; fileRef = 1C41478211EF37D9003A48F8 /* ProtocolMessage.cpp */; };
		1C4147C411EF37DA003A48F8 /* ChatMessage.cpp in Sources */ = {isa = PBXBuildFile; fileRef = 1C41478411EF37D9003A48F8 /* ChatMessage.cpp */; };
		1C4147C511EF37DA003A48F8 /* ProtocolHandler.cpp in Sources */ = {isa = PBXBuildFile; fileRef = 1C41478611EF37D9003A48F8 /* ProtocolHandler.cpp */; };
		1C4147C611EF37DA003A48F8 /* ServerConnection.cpp in Sources */ = {isa = PBXBuildFile; fileRef = 1C41478811EF37D9003A48F8 /* ServerConnection.cpp */; };
		1C4147C711EF37DA003A48F8 /* Protocol.cpp in Sources */ = {isa = PBXBuildFile; fileRef = 1C41478A11EF37D9003A48F8 /* Protocol.cpp */; };
		1C4147C811EF37DA003A48F8 /* NSServerConnection.cpp in Sources */ = {isa = PBXBuildFile; fileRef = 1C41479611EF37D9003A48F8 /* NSServerConnection.cpp */; };
		1C4147C911EF37DA003A48F8 /* MSNP12Protocol.cpp in Sources */ = {isa = PBXBuildFile; fileRef = 1C41479811EF37D9003A48F8 /* MSNP12Protocol.cpp */; };
		1C4147CA11EF37DA003A48F8 /* MSNP12UserProtocol.cpp in Sources */ = {isa = PBXBuildFile; fileRef = 1C41479A11EF37D9003A48F8 /* MSNP12UserProtocol.cpp */; };
		1C4147CB11EF37DA003A48F8 /* MSNP12ContactListProtocol.cpp in Sources */ = {isa = PBXBuildFile; fileRef = 1C41479C11EF37D9003A48F8 /* MSNP12ContactListProtocol.cpp */; };
		1C4147CC11EF37DA003A48F8 /* MSNP12PingHandler.cpp in Sources */ = {isa = PBXBuildFile; fileRef = 1C41479E11EF37DA003A48F8 /* MSNP12PingHandler.cpp */; };
		1C4147CD11EF37DA003A48F8 /* Status.cpp in Sources */ = {isa = PBXBuildFile; fileRef = 1C4147A111EF37DA003A48F8 /* Status.cpp */; };
		1C4147CE11EF37DA003A48F8 /* User.cpp in Sources */ = {isa = PBXBuildFile; fileRef = 1C4147A311EF37DA003A48F8 /* User.cpp */; };
		1C4147CF11EF37DA003A48F8 /* Contact.cpp in Sources */ = {isa = PBXBuildFile; fileRef = 1C4147A511EF37DA003A48F8 /* Contact.cpp */; };
		1C4147D011EF37DA003A48F8 /* ContactList.cpp in Sources */ = {isa = PBXBuildFile; fileRef = 1C4147A711EF37DA003A48F8 /* ContactList.cpp */; };
		1C4147D111EF37DA003A48F8 /* ConversationItem.cpp in Sources */ = {isa = PBXBuildFile; fileRef = 1C4147A911EF37DA003A48F8 /* ConversationItem.cpp */; };
		1C4147D211EF37DA003A48F8 /* Conversation.cpp in Sources */ = {isa = PBXBuildFile; fileRef = 1C4147AB11EF37DA003A48F8 /* Conversation.cpp */; };
		1C4147D311EF37DA003A48F8 /* ConversationManager.cpp in Sources */ = {isa = PBXBuildFile; fileRef = 1C4147AD11EF37DA003A48F8 /* ConversationManager.cpp */; };
		1C4147D411EF37DA003A48F8 /* FileTransfer.cpp in Sources */ = {isa = PBXBuildFile; fileRef = 1C4147AF11EF37DA003A48F8 /* FileTransfer.cpp */; };
		1C4147D511EF37DA003A48F8 /* BmeClient.cpp in Sources */ = {isa = PBXBuildFile; fileRef = 1C4147B111EF37DA003A48F8 /* BmeClient.cpp */; };
		1C4147D611EF37DA003A48F8 /* Image.cpp in Sources */ = {isa = PBXBuildFile; fileRef = 1C4147B511EF37DA003A48F8 /* Image.cpp */; };
		1CAAB9CC122BEC5300056B5B /* IconPrefs.cpp in Sources */ = {isa = PBXBuildFile; fileRef = 1CAAB9CB122BEC5300056B5B /* IconPrefs.cpp */; };
		1CAAB9E3122BF30F00056B5B /* Preferences.cpp in Sources */ = {isa = PBXBuildFile; fileRef = 1CAAB9E2122BF30F00056B5B /* Preferences.cpp */; };
		1DDD58160DA1D0A300B32029 /* MainMenu.xib in Resources */ = {isa = PBXBuildFile; fileRef = 1DDD58140DA1D0A300B32029 /* MainMenu.xib */; };
		256AC3DA0F4B6AC300CF3369 /* BmeAppAppDelegate.mm in Sources */ = {isa = PBXBuildFile; fileRef = 256AC3D90F4B6AC300CF3369 /* BmeAppAppDelegate.mm */; };
		8D11072B0486CEB800E47090 /* InfoPlist.strings in Resources */ = {isa = PBXBuildFile; fileRef = 089C165CFE840E0CC02AAC07 /* InfoPlist.strings */; };
		8D11072D0486CEB800E47090 /* main.m in Sources */ = {isa = PBXBuildFile; fileRef = 29B97316FDCFA39411CA2CEA /* main.m */; settings = {ATTRIBUTES = (); }; };
		8D11072F0486CEB800E47090 /* Cocoa.framework in Frameworks */ = {isa = PBXBuildFile; fileRef = 1058C7A1FEA54F0111CA2CBB /* Cocoa.framework */; };
/* End PBXBuildFile section */

/* Begin PBXFileReference section */
		089C165DFE840E0CC02AAC07 /* English */ = {isa = PBXFileReference; fileEncoding = 4; lastKnownFileType = text.plist.strings; name = English; path = English.lproj/InfoPlist.strings; sourceTree = "<group>"; };
		1058C7A1FEA54F0111CA2CBB /* Cocoa.framework */ = {isa = PBXFileReference; lastKnownFileType = wrapper.framework; name = Cocoa.framework; path = /System/Library/Frameworks/Cocoa.framework; sourceTree = "<absolute>"; };
		13E42FB307B3F0F600E4EEF1 /* CoreData.framework */ = {isa = PBXFileReference; lastKnownFileType = wrapper.framework; name = CoreData.framework; path = /System/Library/Frameworks/CoreData.framework; sourceTree = "<absolute>"; };
		1C2B213912158D3A004447A6 /* UIEventProvider.h */ = {isa = PBXFileReference; fileEncoding = 4; lastKnownFileType = sourcecode.c.h; path = UIEventProvider.h; sourceTree = "<group>"; };
		1C2B213A12158D3A004447A6 /* UIEventProvider.cpp */ = {isa = PBXFileReference; fileEncoding = 4; lastKnownFileType = sourcecode.cpp.cpp; path = UIEventProvider.cpp; sourceTree = "<group>"; };
		1C2B213C12158D9F004447A6 /* IUIListener.h */ = {isa = PBXFileReference; fileEncoding = 4; lastKnownFileType = sourcecode.c.h; path = IUIListener.h; sourceTree = "<group>"; };
		1C2B21621215927D004447A6 /* IUIListener.cpp */ = {isa = PBXFileReference; fileEncoding = 4; lastKnownFileType = sourcecode.cpp.cpp; path = IUIListener.cpp; sourceTree = "<group>"; };
		1C2B7A0F12268B0E00AC489E /* XMLNode.h */ = {isa = PBXFileReference; fileEncoding = 4; lastKnownFileType = sourcecode.c.h; path = XMLNode.h; sourceTree = "<group>"; };
		1C2B7A1012268B0E00AC489E /* XMLNode.cpp */ = {isa = PBXFileReference; fileEncoding = 4; lastKnownFileType = sourcecode.cpp.cpp; path = XMLNode.cpp; sourceTree = "<group>"; };
		1C2B7A2412268FCD00AC489E /* XMLDocument.h */ = {isa = PBXFileReference; fileEncoding = 4; lastKnownFileType = sourcecode.c.h; path = XMLDocument.h; sourceTree = "<group>"; };
		1C2B7A2512268FCD00AC489E /* XMLDocument.cpp */ = {isa = PBXFileReference; fileEncoding = 4; lastKnownFileType = sourcecode.cpp.cpp; path = XMLDocument.cpp; sourceTree = "<group>"; };
		1C2B7A291226927F00AC489E /* XMLElement.h */ = {isa = PBXFileReference; fileEncoding = 4; lastKnownFileType = sourcecode.c.h; path = XMLElement.h; sourceTree = "<group>"; };
		1C2B7A2A1226927F00AC489E /* XMLElement.cpp */ = {isa = PBXFileReference; fileEncoding = 4; lastKnownFileType = sourcecode.cpp.cpp; path = XMLElement.cpp; sourceTree = "<group>"; };
		1C369007122D3680008FFF7C /* IPath.h */ = {isa = PBXFileReference; fileEncoding = 4; lastKnownFileType = sourcecode.c.h; path = IPath.h; sourceTree = "<group>"; };
		1C369009122D3CE2008FFF7C /* MacPath.h */ = {isa = PBXFileReference; fileEncoding = 4; lastKnownFileType = sourcecode.c.h; path = MacPath.h; sourceTree = "<group>"; };
		1C36900A122D3CE2008FFF7C /* MacPath.mm */ = {isa = PBXFileReference; explicitFileType = sourcecode.cpp.objcpp; fileEncoding = 4; path = MacPath.mm; sourceTree = "<group>"; };
		1C369035122D441B008FFF7C /* IPathManager.h */ = {isa = PBXFileReference; fileEncoding = 4; lastKnownFileType = sourcecode.c.h; path = IPathManager.h; sourceTree = "<group>"; };
		1C369036122D447D008FFF7C /* MacPathManager.h */ = {isa = PBXFileReference; fileEncoding = 4; lastKnownFileType = sourcecode.c.h; path = MacPathManager.h; sourceTree = "<group>"; };
		1C369037122D447D008FFF7C /* MacPathManager.mm */ = {isa = PBXFileReference; fileEncoding = 4; lastKnownFileType = sourcecode.cpp.objcpp; path = MacPathManager.mm; sourceTree = "<group>"; };
		1C3691D0122D4E65008FFF7C /* Graphics */ = {isa = PBXFileReference; lastKnownFileType = folder; path = Graphics; sourceTree = "<group>"; };
		1C41475411EF3749003A48F8 /* ContactListController.h */ = {isa = PBXFileReference; fileEncoding = 4; lastKnownFileType = sourcecode.c.h; path = ContactListController.h; sourceTree = "<group>"; };
		1C41475511EF3749003A48F8 /* ContactListController.mm */ = {isa = PBXFileReference; fileEncoding = 4; lastKnownFileType = sourcecode.cpp.objcpp; path = ContactListController.mm; sourceTree = "<group>"; };
		1C41476311EF37D8003A48F8 /* IConnection.h */ = {isa = PBXFileReference; fileEncoding = 4; lastKnownFileType = sourcecode.c.h; path = IConnection.h; sourceTree = "<group>"; };
		1C41476411EF37D8003A48F8 /* ISSLConnection.h */ = {isa = PBXFileReference; fileEncoding = 4; lastKnownFileType = sourcecode.c.h; path = ISSLConnection.h; sourceTree = "<group>"; };
		1C41476511EF37D8003A48F8 /* IConnectionManager.h */ = {isa = PBXFileReference; fileEncoding = 4; lastKnownFileType = sourcecode.c.h; path = IConnectionManager.h; sourceTree = "<group>"; };
		1C41476611EF37D8003A48F8 /* IImageManager.h */ = {isa = PBXFileReference; fileEncoding = 4; lastKnownFileType = sourcecode.c.h; path = IImageManager.h; sourceTree = "<group>"; };
		1C41476711EF37D8003A48F8 /* PlatformSpecific.h */ = {isa = PBXFileReference; fileEncoding = 4; lastKnownFileType = sourcecode.c.h; path = PlatformSpecific.h; sourceTree = "<group>"; };
		1C41476811EF37D8003A48F8 /* IRunnable.h */ = {isa = PBXFileReference; fileEncoding = 4; lastKnownFileType = sourcecode.c.h; path = IRunnable.h; sourceTree = "<group>"; };
		1C41476911EF37D8003A48F8 /* IThread.h */ = {isa = PBXFileReference; fileEncoding = 4; lastKnownFileType = sourcecode.c.h; path = IThread.h; sourceTree = "<group>"; };
		1C41476A11EF37D8003A48F8 /* IThread.cpp */ = {isa = PBXFileReference; fileEncoding = 4; lastKnownFileType = sourcecode.cpp.cpp; path = IThread.cpp; sourceTree = "<group>"; };
		1C41476B11EF37D8003A48F8 /* ICrypto.h */ = {isa = PBXFileReference; fileEncoding = 4; lastKnownFileType = sourcecode.c.h; path = ICrypto.h; sourceTree = "<group>"; };
		1C41476E11EF37D8003A48F8 /* MacPlatform.mm */ = {isa = PBXFileReference; fileEncoding = 4; lastKnownFileType = sourcecode.cpp.objcpp; path = MacPlatform.mm; sourceTree = "<group>"; };
		1C41476F11EF37D8003A48F8 /* MacConnection.h */ = {isa = PBXFileReference; fileEncoding = 4; lastKnownFileType = sourcecode.c.h; path = MacConnection.h; sourceTree = "<group>"; };
		1C41477011EF37D8003A48F8 /* MacConnection.mm */ = {isa = PBXFileReference; fileEncoding = 4; lastKnownFileType = sourcecode.cpp.objcpp; path = MacConnection.mm; sourceTree = "<group>"; };
		1C41477111EF37D8003A48F8 /* MacConnectionManager.h */ = {isa = PBXFileReference; fileEncoding = 4; lastKnownFileType = sourcecode.c.h; path = MacConnectionManager.h; sourceTree = "<group>"; };
		1C41477211EF37D8003A48F8 /* MacConnectionManager.mm */ = {isa = PBXFileReference; fileEncoding = 4; lastKnownFileType = sourcecode.cpp.objcpp; path = MacConnectionManager.mm; sourceTree = "<group>"; };
		1C41477311EF37D8003A48F8 /* MacThread.h */ = {isa = PBXFileReference; fileEncoding = 4; lastKnownFileType = sourcecode.c.h; path = MacThread.h; sourceTree = "<group>"; };
		1C41477411EF37D8003A48F8 /* MacThread.mm */ = {isa = PBXFileReference; fileEncoding = 4; lastKnownFileType = sourcecode.cpp.objcpp; path = MacThread.mm; sourceTree = "<group>"; };
		1C41477511EF37D8003A48F8 /* MacImageManager.h */ = {isa = PBXFileReference; fileEncoding = 4; lastKnownFileType = sourcecode.c.h; path = MacImageManager.h; sourceTree = "<group>"; };
		1C41477611EF37D8003A48F8 /* MacImageManager.mm */ = {isa = PBXFileReference; fileEncoding = 4; lastKnownFileType = sourcecode.cpp.objcpp; path = MacImageManager.mm; sourceTree = "<group>"; };
		1C41477711EF37D8003A48F8 /* MacCrypto.h */ = {isa = PBXFileReference; fileEncoding = 4; lastKnownFileType = sourcecode.c.h; path = MacCrypto.h; sourceTree = "<group>"; };
		1C41477811EF37D8003A48F8 /* MacCrypto.cpp */ = {isa = PBXFileReference; fileEncoding = 4; lastKnownFileType = sourcecode.cpp.cpp; path = MacCrypto.cpp; sourceTree = "<group>"; };
		1C41477911EF37D8003A48F8 /* MacMD5.h */ = {isa = PBXFileReference; fileEncoding = 4; lastKnownFileType = sourcecode.c.h; path = MacMD5.h; sourceTree = "<group>"; };
		1C41477A11EF37D8003A48F8 /* MacMD5.cpp */ = {isa = PBXFileReference; fileEncoding = 4; lastKnownFileType = sourcecode.cpp.cpp; path = MacMD5.cpp; sourceTree = "<group>"; };
		1C41477C11EF37D8003A48F8 /* HTTPFormatter.h */ = {isa = PBXFileReference; fileEncoding = 4; lastKnownFileType = sourcecode.c.h; path = HTTPFormatter.h; sourceTree = "<group>"; };
		1C41477D11EF37D8003A48F8 /* HTTPFormatter.cpp */ = {isa = PBXFileReference; fileEncoding = 4; lastKnownFileType = sourcecode.cpp.cpp; path = HTTPFormatter.cpp; sourceTree = "<group>"; };
		1C41477E11EF37D8003A48F8 /* Common.h */ = {isa = PBXFileReference; fileEncoding = 4; lastKnownFileType = sourcecode.c.h; path = Common.h; sourceTree = "<group>"; };
		1C41477F11EF37D8003A48F8 /* Common.cpp */ = {isa = PBXFileReference; fileEncoding = 4; lastKnownFileType = sourcecode.cpp.cpp; path = Common.cpp; sourceTree = "<group>"; };
		1C41478011EF37D8003A48F8 /* ProtocolConstants.h */ = {isa = PBXFileReference; fileEncoding = 4; lastKnownFileType = sourcecode.c.h; path = ProtocolConstants.h; sourceTree = "<group>"; };
		1C41478111EF37D9003A48F8 /* ProtocolMessage.h */ = {isa = PBXFileReference; fileEncoding = 4; lastKnownFileType = sourcecode.c.h; path = ProtocolMessage.h; sourceTree = "<group>"; };
		1C41478211EF37D9003A48F8 /* ProtocolMessage.cpp */ = {isa = PBXFileReference; fileEncoding = 4; lastKnownFileType = sourcecode.cpp.cpp; path = ProtocolMessage.cpp; sourceTree = "<group>"; };
		1C41478311EF37D9003A48F8 /* ChatMessage.h */ = {isa = PBXFileReference; fileEncoding = 4; lastKnownFileType = sourcecode.c.h; path = ChatMessage.h; sourceTree = "<group>"; };
		1C41478411EF37D9003A48F8 /* ChatMessage.cpp */ = {isa = PBXFileReference; fileEncoding = 4; lastKnownFileType = sourcecode.cpp.cpp; path = ChatMessage.cpp; sourceTree = "<group>"; };
		1C41478511EF37D9003A48F8 /* ProtocolHandler.h */ = {isa = PBXFileReference; fileEncoding = 4; lastKnownFileType = sourcecode.c.h; path = ProtocolHandler.h; sourceTree = "<group>"; };
		1C41478611EF37D9003A48F8 /* ProtocolHandler.cpp */ = {isa = PBXFileReference; fileEncoding = 4; lastKnownFileType = sourcecode.cpp.cpp; path = ProtocolHandler.cpp; sourceTree = "<group>"; };
		1C41478711EF37D9003A48F8 /* ServerConnection.h */ = {isa = PBXFileReference; fileEncoding = 4; lastKnownFileType = sourcecode.c.h; path = ServerConnection.h; sourceTree = "<group>"; };
		1C41478811EF37D9003A48F8 /* ServerConnection.cpp */ = {isa = PBXFileReference; fileEncoding = 4; lastKnownFileType = sourcecode.cpp.cpp; path = ServerConnection.cpp; sourceTree = "<group>"; };
		1C41478911EF37D9003A48F8 /* Protocol.h */ = {isa = PBXFileReference; fileEncoding = 4; lastKnownFileType = sourcecode.c.h; path = Protocol.h; sourceTree = "<group>"; };
		1C41478A11EF37D9003A48F8 /* Protocol.cpp */ = {isa = PBXFileReference; fileEncoding = 4; lastKnownFileType = sourcecode.cpp.cpp; path = Protocol.cpp; sourceTree = "<group>"; };
		1C41478B11EF37D9003A48F8 /* IUserProtocol.h */ = {isa = PBXFileReference; fileEncoding = 4; lastKnownFileType = sourcecode.c.h; path = IUserProtocol.h; sourceTree = "<group>"; };
		1C41478C11EF37D9003A48F8 /* IContactListProtocol.h */ = {isa = PBXFileReference; fileEncoding = 4; lastKnownFileType = sourcecode.c.h; path = IContactListProtocol.h; sourceTree = "<group>"; };
		1C41478D11EF37D9003A48F8 /* IConversationProtocol.h */ = {isa = PBXFileReference; fileEncoding = 4; lastKnownFileType = sourcecode.c.h; path = IConversationProtocol.h; sourceTree = "<group>"; };
		1C41478E11EF37D9003A48F8 /* IConversationManagerProtocol.h */ = {isa = PBXFileReference; fileEncoding = 4; lastKnownFileType = sourcecode.c.h; path = IConversationManagerProtocol.h; sourceTree = "<group>"; };
		1C41478F11EF37D9003A48F8 /* IProtocolDelegate.h */ = {isa = PBXFileReference; fileEncoding = 4; lastKnownFileType = sourcecode.c.h; path = IProtocolDelegate.h; sourceTree = "<group>"; };
		1C41479011EF37D9003A48F8 /* IConversationManagerProtocolDelegate.h */ = {isa = PBXFileReference; fileEncoding = 4; lastKnownFileType = sourcecode.c.h; path = IConversationManagerProtocolDelegate.h; sourceTree = "<group>"; };
		1C41479111EF37D9003A48F8 /* IUserProtocolDelegate.h */ = {isa = PBXFileReference; fileEncoding = 4; lastKnownFileType = sourcecode.c.h; path = IUserProtocolDelegate.h; sourceTree = "<group>"; };
		1C41479211EF37D9003A48F8 /* IContactListProtocolDelegate.h */ = {isa = PBXFileReference; fileEncoding = 4; lastKnownFileType = sourcecode.c.h; path = IContactListProtocolDelegate.h; sourceTree = "<group>"; };
		1C41479311EF37D9003A48F8 /* IConversationProtocolDelegate.h */ = {isa = PBXFileReference; fileEncoding = 4; lastKnownFileType = sourcecode.c.h; path = IConversationProtocolDelegate.h; sourceTree = "<group>"; };
		1C41479511EF37D9003A48F8 /* NSServerConnection.h */ = {isa = PBXFileReference; fileEncoding = 4; lastKnownFileType = sourcecode.c.h; path = NSServerConnection.h; sourceTree = "<group>"; };
		1C41479611EF37D9003A48F8 /* NSServerConnection.cpp */ = {isa = PBXFileReference; fileEncoding = 4; lastKnownFileType = sourcecode.cpp.cpp; path = NSServerConnection.cpp; sourceTree = "<group>"; };
		1C41479711EF37D9003A48F8 /* MSNP12Protocol.h */ = {isa = PBXFileReference; fileEncoding = 4; lastKnownFileType = sourcecode.c.h; path = MSNP12Protocol.h; sourceTree = "<group>"; };
		1C41479811EF37D9003A48F8 /* MSNP12Protocol.cpp */ = {isa = PBXFileReference; fileEncoding = 4; lastKnownFileType = sourcecode.cpp.cpp; path = MSNP12Protocol.cpp; sourceTree = "<group>"; };
		1C41479911EF37D9003A48F8 /* MSNP12UserProtocol.h */ = {isa = PBXFileReference; fileEncoding = 4; lastKnownFileType = sourcecode.c.h; path = MSNP12UserProtocol.h; sourceTree = "<group>"; };
		1C41479A11EF37D9003A48F8 /* MSNP12UserProtocol.cpp */ = {isa = PBXFileReference; fileEncoding = 4; lastKnownFileType = sourcecode.cpp.cpp; path = MSNP12UserProtocol.cpp; sourceTree = "<group>"; };
		1C41479B11EF37D9003A48F8 /* MSNP12ContactListProtocol.h */ = {isa = PBXFileReference; fileEncoding = 4; lastKnownFileType = sourcecode.c.h; path = MSNP12ContactListProtocol.h; sourceTree = "<group>"; };
		1C41479C11EF37D9003A48F8 /* MSNP12ContactListProtocol.cpp */ = {isa = PBXFileReference; fileEncoding = 4; lastKnownFileType = sourcecode.cpp.cpp; path = MSNP12ContactListProtocol.cpp; sourceTree = "<group>"; };
		1C41479D11EF37DA003A48F8 /* MSNP12PingHandler.h */ = {isa = PBXFileReference; fileEncoding = 4; lastKnownFileType = sourcecode.c.h; path = MSNP12PingHandler.h; sourceTree = "<group>"; };
		1C41479E11EF37DA003A48F8 /* MSNP12PingHandler.cpp */ = {isa = PBXFileReference; fileEncoding = 4; lastKnownFileType = sourcecode.cpp.cpp; path = MSNP12PingHandler.cpp; sourceTree = "<group>"; };
		1C4147A011EF37DA003A48F8 /* Status.h */ = {isa = PBXFileReference; fileEncoding = 4; lastKnownFileType = sourcecode.c.h; path = Status.h; sourceTree = "<group>"; };
		1C4147A111EF37DA003A48F8 /* Status.cpp */ = {isa = PBXFileReference; fileEncoding = 4; lastKnownFileType = sourcecode.cpp.cpp; path = Status.cpp; sourceTree = "<group>"; };
		1C4147A211EF37DA003A48F8 /* User.h */ = {isa = PBXFileReference; fileEncoding = 4; lastKnownFileType = sourcecode.c.h; path = User.h; sourceTree = "<group>"; };
		1C4147A311EF37DA003A48F8 /* User.cpp */ = {isa = PBXFileReference; fileEncoding = 4; lastKnownFileType = sourcecode.cpp.cpp; path = User.cpp; sourceTree = "<group>"; };
		1C4147A411EF37DA003A48F8 /* Contact.h */ = {isa = PBXFileReference; fileEncoding = 4; lastKnownFileType = sourcecode.c.h; path = Contact.h; sourceTree = "<group>"; };
		1C4147A511EF37DA003A48F8 /* Contact.cpp */ = {isa = PBXFileReference; fileEncoding = 4; lastKnownFileType = sourcecode.cpp.cpp; path = Contact.cpp; sourceTree = "<group>"; };
		1C4147A611EF37DA003A48F8 /* ContactList.h */ = {isa = PBXFileReference; fileEncoding = 4; lastKnownFileType = sourcecode.c.h; path = ContactList.h; sourceTree = "<group>"; };
		1C4147A711EF37DA003A48F8 /* ContactList.cpp */ = {isa = PBXFileReference; fileEncoding = 4; lastKnownFileType = sourcecode.cpp.cpp; path = ContactList.cpp; sourceTree = "<group>"; };
		1C4147A811EF37DA003A48F8 /* ConversationItem.h */ = {isa = PBXFileReference; fileEncoding = 4; lastKnownFileType = sourcecode.c.h; path = ConversationItem.h; sourceTree = "<group>"; };
		1C4147A911EF37DA003A48F8 /* ConversationItem.cpp */ = {isa = PBXFileReference; fileEncoding = 4; lastKnownFileType = sourcecode.cpp.cpp; path = ConversationItem.cpp; sourceTree = "<group>"; };
		1C4147AA11EF37DA003A48F8 /* Conversation.h */ = {isa = PBXFileReference; fileEncoding = 4; lastKnownFileType = sourcecode.c.h; path = Conversation.h; sourceTree = "<group>"; };
		1C4147AB11EF37DA003A48F8 /* Conversation.cpp */ = {isa = PBXFileReference; fileEncoding = 4; lastKnownFileType = sourcecode.cpp.cpp; path = Conversation.cpp; sourceTree = "<group>"; };
		1C4147AC11EF37DA003A48F8 /* ConversationManager.h */ = {isa = PBXFileReference; fileEncoding = 4; lastKnownFileType = sourcecode.c.h; path = ConversationManager.h; sourceTree = "<group>"; };
		1C4147AD11EF37DA003A48F8 /* ConversationManager.cpp */ = {isa = PBXFileReference; fileEncoding = 4; lastKnownFileType = sourcecode.cpp.cpp; path = ConversationManager.cpp; sourceTree = "<group>"; };
		1C4147AE11EF37DA003A48F8 /* FileTransfer.h */ = {isa = PBXFileReference; fileEncoding = 4; lastKnownFileType = sourcecode.c.h; path = FileTransfer.h; sourceTree = "<group>"; };
		1C4147AF11EF37DA003A48F8 /* FileTransfer.cpp */ = {isa = PBXFileReference; fileEncoding = 4; lastKnownFileType = sourcecode.cpp.cpp; path = FileTransfer.cpp; sourceTree = "<group>"; };
		1C4147B011EF37DA003A48F8 /* BmeClient.h */ = {isa = PBXFileReference; fileEncoding = 4; lastKnownFileType = sourcecode.c.h; path = BmeClient.h; sourceTree = "<group>"; };
		1C4147B111EF37DA003A48F8 /* BmeClient.cpp */ = {isa = PBXFileReference; fileEncoding = 4; lastKnownFileType = sourcecode.cpp.cpp; path = BmeClient.cpp; sourceTree = "<group>"; };
		1C4147B311EF37DA003A48F8 /* Color.h */ = {isa = PBXFileReference; fileEncoding = 4; lastKnownFileType = sourcecode.c.h; path = Color.h; sourceTree = "<group>"; };
		1C4147B411EF37DA003A48F8 /* Image.h */ = {isa = PBXFileReference; fileEncoding = 4; lastKnownFileType = sourcecode.c.h; path = Image.h; sourceTree = "<group>"; };
		1C4147B511EF37DA003A48F8 /* Image.cpp */ = {isa = PBXFileReference; fileEncoding = 4; lastKnownFileType = sourcecode.cpp.cpp; path = Image.cpp; sourceTree = "<group>"; };
		1C4147B611EF37DA003A48F8 /* IUIUserListener.h */ = {isa = PBXFileReference; fileEncoding = 4; lastKnownFileType = sourcecode.c.h; path = IUIUserListener.h; sourceTree = "<group>"; };
		1C4147B711EF37DA003A48F8 /* IUIContactListListener.h */ = {isa = PBXFileReference; fileEncoding = 4; lastKnownFileType = sourcecode.c.h; path = IUIContactListListener.h; sourceTree = "<group>"; };
		1C4147B811EF37DA003A48F8 /* IUIConversationListener.h */ = {isa = PBXFileReference; fileEncoding = 4; lastKnownFileType = sourcecode.c.h; path = IUIConversationListener.h; sourceTree = "<group>"; };
		1C86894B1247973E00B8B705 /* IConnectionListener.h */ = {isa = PBXFileReference; fileEncoding = 4; lastKnownFileType = sourcecode.c.h; path = IConnectionListener.h; sourceTree = "<group>"; };
		1CAAB9CA122BEC5300056B5B /* IconPrefs.h */ = {isa = PBXFileReference; fileEncoding = 4; lastKnownFileType = sourcecode.c.h; path = IconPrefs.h; sourceTree = "<group>"; };
		1CAAB9CB122BEC5300056B5B /* IconPrefs.cpp */ = {isa = PBXFileReference; fileEncoding = 4; lastKnownFileType = sourcecode.cpp.cpp; path = IconPrefs.cpp; sourceTree = "<group>"; };
		1CAAB9E1122BF30F00056B5B /* Preferences.h */ = {isa = PBXFileReference; fileEncoding = 4; lastKnownFileType = sourcecode.c.h; path = Preferences.h; sourceTree = "<group>"; };
		1CAAB9E2122BF30F00056B5B /* Preferences.cpp */ = {isa = PBXFileReference; fileEncoding = 4; lastKnownFileType = sourcecode.cpp.cpp; path = Preferences.cpp; sourceTree = "<group>"; };
		1DDD58150DA1D0A300B32029 /* English */ = {isa = PBXFileReference; lastKnownFileType = file.xib; name = English; path = English.lproj/MainMenu.xib; sourceTree = "<group>"; };
		256AC3D80F4B6AC300CF3369 /* BmeAppAppDelegate.h */ = {isa = PBXFileReference; fileEncoding = 4; lastKnownFileType = sourcecode.c.h; path = BmeAppAppDelegate.h; sourceTree = "<group>"; };
		256AC3D90F4B6AC300CF3369 /* BmeAppAppDelegate.mm */ = {isa = PBXFileReference; fileEncoding = 4; lastKnownFileType = sourcecode.cpp.objcpp; path = BmeAppAppDelegate.mm; sourceTree = "<group>"; };
		256AC3F00F4B6AF500CF3369 /* BmeApp_Prefix.pch */ = {isa = PBXFileReference; fileEncoding = 4; lastKnownFileType = sourcecode.c.h; path = BmeApp_Prefix.pch; sourceTree = "<group>"; };
		29B97316FDCFA39411CA2CEA /* main.m */ = {isa = PBXFileReference; fileEncoding = 4; lastKnownFileType = sourcecode.c.objc; path = main.m; sourceTree = "<group>"; };
		29B97324FDCFA39411CA2CEA /* AppKit.framework */ = {isa = PBXFileReference; lastKnownFileType = wrapper.framework; name = AppKit.framework; path = /System/Library/Frameworks/AppKit.framework; sourceTree = "<absolute>"; };
		29B97325FDCFA39411CA2CEA /* Foundation.framework */ = {isa = PBXFileReference; lastKnownFileType = wrapper.framework; name = Foundation.framework; path = /System/Library/Frameworks/Foundation.framework; sourceTree = "<absolute>"; };
		8D1107310486CEB800E47090 /* BmeApp-Info.plist */ = {isa = PBXFileReference; fileEncoding = 4; lastKnownFileType = text.plist.xml; path = "BmeApp-Info.plist"; sourceTree = "<group>"; };
		8D1107320486CEB800E47090 /* BmeApp.app */ = {isa = PBXFileReference; explicitFileType = wrapper.application; includeInIndex = 0; path = BmeApp.app; sourceTree = BUILT_PRODUCTS_DIR; };
/* End PBXFileReference section */

/* Begin PBXFrameworksBuildPhase section */
		8D11072E0486CEB800E47090 /* Frameworks */ = {
			isa = PBXFrameworksBuildPhase;
			buildActionMask = 2147483647;
			files = (
				8D11072F0486CEB800E47090 /* Cocoa.framework in Frameworks */,
			);
			runOnlyForDeploymentPostprocessing = 0;
		};
/* End PBXFrameworksBuildPhase section */

/* Begin PBXGroup section */
		080E96DDFE201D6D7F000001 /* Classes */ = {
			isa = PBXGroup;
			children = (
				256AC3D80F4B6AC300CF3369 /* BmeAppAppDelegate.h */,
				256AC3D90F4B6AC300CF3369 /* BmeAppAppDelegate.mm */,
				1C41475411EF3749003A48F8 /* ContactListController.h */,
				1C41475511EF3749003A48F8 /* ContactListController.mm */,
				1C41476111EF37D7003A48F8 /* libbme */,
			);
			name = Classes;
			sourceTree = "<group>";
		};
		1058C7A0FEA54F0111CA2CBB /* Linked Frameworks */ = {
			isa = PBXGroup;
			children = (
				1058C7A1FEA54F0111CA2CBB /* Cocoa.framework */,
			);
			name = "Linked Frameworks";
			sourceTree = "<group>";
		};
		1058C7A2FEA54F0111CA2CBB /* Other Frameworks */ = {
			isa = PBXGroup;
			children = (
				29B97324FDCFA39411CA2CEA /* AppKit.framework */,
				13E42FB307B3F0F600E4EEF1 /* CoreData.framework */,
				29B97325FDCFA39411CA2CEA /* Foundation.framework */,
			);
			name = "Other Frameworks";
			sourceTree = "<group>";
		};
		19C28FACFE9D520D11CA2CBB /* Products */ = {
			isa = PBXGroup;
			children = (
				8D1107320486CEB800E47090 /* BmeApp.app */,
			);
			name = Products;
			sourceTree = "<group>";
		};
		1C2B7A1312268B1F00AC489E /* xml */ = {
			isa = PBXGroup;
			children = (
				1C2B7A0F12268B0E00AC489E /* XMLNode.h */,
				1C2B7A1012268B0E00AC489E /* XMLNode.cpp */,
				1C2B7A2412268FCD00AC489E /* XMLDocument.h */,
				1C2B7A2512268FCD00AC489E /* XMLDocument.cpp */,
				1C2B7A291226927F00AC489E /* XMLElement.h */,
				1C2B7A2A1226927F00AC489E /* XMLElement.cpp */,
			);
			name = xml;
			sourceTree = "<group>";
		};
		1C41476111EF37D7003A48F8 /* libbme */ = {
			isa = PBXGroup;
			children = (
				1C4147B211EF37DA003A48F8 /* UI */,
				1C41479F11EF37DA003A48F8 /* Client */,
				1C41477B11EF37D8003A48F8 /* Protocol */,
				1C41476211EF37D7003A48F8 /* PlatformSpecific */,
			);
			name = libbme;
			sourceTree = "<group>";
		};
		1C41476211EF37D7003A48F8 /* PlatformSpecific */ = {
			isa = PBXGroup;
			children = (
				1C41476D11EF37D8003A48F8 /* mac */,
				1C41476C11EF37D8003A48F8 /* haiku */,
				1C41476311EF37D8003A48F8 /* IConnection.h */,
				1C41476411EF37D8003A48F8 /* ISSLConnection.h */,
				1C86894B1247973E00B8B705 /* IConnectionListener.h */,
				1C41476511EF37D8003A48F8 /* IConnectionManager.h */,
				1C41476611EF37D8003A48F8 /* IImageManager.h */,
				1C41476711EF37D8003A48F8 /* PlatformSpecific.h */,
				1C41476811EF37D8003A48F8 /* IRunnable.h */,
				1C41476911EF37D8003A48F8 /* IThread.h */,
				1C41476A11EF37D8003A48F8 /* IThread.cpp */,
				1C41476B11EF37D8003A48F8 /* ICrypto.h */,
			);
			name = PlatformSpecific;
			sourceTree = "<group>";
		};
		1C41476C11EF37D8003A48F8 /* haiku */ = {
			isa = PBXGroup;
			children = (
			);
			name = haiku;
			sourceTree = "<group>";
		};
		1C41476D11EF37D8003A48F8 /* mac */ = {
			isa = PBXGroup;
			children = (
				1C41476E11EF37D8003A48F8 /* MacPlatform.mm */,
				1C41476F11EF37D8003A48F8 /* MacConnection.h */,
				1C41477011EF37D8003A48F8 /* MacConnection.mm */,
				1C41477111EF37D8003A48F8 /* MacConnectionManager.h */,
				1C41477211EF37D8003A48F8 /* MacConnectionManager.mm */,
				1C41477311EF37D8003A48F8 /* MacThread.h */,
				1C41477411EF37D8003A48F8 /* MacThread.mm */,
				1C41477511EF37D8003A48F8 /* MacImageManager.h */,
				1C41477611EF37D8003A48F8 /* MacImageManager.mm */,
				1C41477711EF37D8003A48F8 /* MacCrypto.h */,
				1C41477811EF37D8003A48F8 /* MacCrypto.cpp */,
				1C41477911EF37D8003A48F8 /* MacMD5.h */,
				1C41477A11EF37D8003A48F8 /* MacMD5.cpp */,
				1C369009122D3CE2008FFF7C /* MacPath.h */,
				1C36900A122D3CE2008FFF7C /* MacPath.mm */,
				1C369036122D447D008FFF7C /* MacPathManager.h */,
				1C369037122D447D008FFF7C /* MacPathManager.mm */,
			);
			name = mac;
			sourceTree = "<group>";
		};
		1C41477B11EF37D8003A48F8 /* Protocol */ = {
			isa = PBXGroup;
			children = (
				1C2B7A1312268B1F00AC489E /* xml */,
				1C41479411EF37D9003A48F8 /* msnp12 */,
				1C41477C11EF37D8003A48F8 /* HTTPFormatter.h */,
				1C41477D11EF37D8003A48F8 /* HTTPFormatter.cpp */,
				1C41477E11EF37D8003A48F8 /* Common.h */,
				1C41477F11EF37D8003A48F8 /* Common.cpp */,
				1C41478011EF37D8003A48F8 /* ProtocolConstants.h */,
				1C41478111EF37D9003A48F8 /* ProtocolMessage.h */,
				1C41478211EF37D9003A48F8 /* ProtocolMessage.cpp */,
				1C41478311EF37D9003A48F8 /* ChatMessage.h */,
				1C41478411EF37D9003A48F8 /* ChatMessage.cpp */,
				1C41478511EF37D9003A48F8 /* ProtocolHandler.h */,
				1C41478611EF37D9003A48F8 /* ProtocolHandler.cpp */,
				1C41478711EF37D9003A48F8 /* ServerConnection.h */,
				1C41478811EF37D9003A48F8 /* ServerConnection.cpp */,
				1C41478911EF37D9003A48F8 /* Protocol.h */,
				1C41478A11EF37D9003A48F8 /* Protocol.cpp */,
				1C41478B11EF37D9003A48F8 /* IUserProtocol.h */,
				1C41478C11EF37D9003A48F8 /* IContactListProtocol.h */,
				1C41478D11EF37D9003A48F8 /* IConversationProtocol.h */,
				1C41478E11EF37D9003A48F8 /* IConversationManagerProtocol.h */,
				1C41478F11EF37D9003A48F8 /* IProtocolDelegate.h */,
				1C41479011EF37D9003A48F8 /* IConversationManagerProtocolDelegate.h */,
				1C41479111EF37D9003A48F8 /* IUserProtocolDelegate.h */,
				1C41479211EF37D9003A48F8 /* IContactListProtocolDelegate.h */,
				1C41479311EF37D9003A48F8 /* IConversationProtocolDelegate.h */,
				1C369007122D3680008FFF7C /* IPath.h */,
				1C369035122D441B008FFF7C /* IPathManager.h */,
			);
			name = Protocol;
			sourceTree = "<group>";
		};
		1C41479411EF37D9003A48F8 /* msnp12 */ = {
			isa = PBXGroup;
			children = (
				1C41479511EF37D9003A48F8 /* NSServerConnection.h */,
				1C41479611EF37D9003A48F8 /* NSServerConnection.cpp */,
				1C41479711EF37D9003A48F8 /* MSNP12Protocol.h */,
				1C41479811EF37D9003A48F8 /* MSNP12Protocol.cpp */,
				1C41479911EF37D9003A48F8 /* MSNP12UserProtocol.h */,
				1C41479A11EF37D9003A48F8 /* MSNP12UserProtocol.cpp */,
				1C41479B11EF37D9003A48F8 /* MSNP12ContactListProtocol.h */,
				1C41479C11EF37D9003A48F8 /* MSNP12ContactListProtocol.cpp */,
				1C41479D11EF37DA003A48F8 /* MSNP12PingHandler.h */,
				1C41479E11EF37DA003A48F8 /* MSNP12PingHandler.cpp */,
			);
			name = msnp12;
			sourceTree = "<group>";
		};
		1C41479F11EF37DA003A48F8 /* Client */ = {
			isa = PBXGroup;
			children = (
				1CAAB9CA122BEC5300056B5B /* IconPrefs.h */,
				1CAAB9CB122BEC5300056B5B /* IconPrefs.cpp */,
				1C4147A011EF37DA003A48F8 /* Status.h */,
				1C4147A111EF37DA003A48F8 /* Status.cpp */,
				1C4147A211EF37DA003A48F8 /* User.h */,
				1C4147A311EF37DA003A48F8 /* User.cpp */,
				1C4147A411EF37DA003A48F8 /* Contact.h */,
				1C4147A511EF37DA003A48F8 /* Contact.cpp */,
				1C4147A611EF37DA003A48F8 /* ContactList.h */,
				1C4147A711EF37DA003A48F8 /* ContactList.cpp */,
				1C4147A811EF37DA003A48F8 /* ConversationItem.h */,
				1C4147A911EF37DA003A48F8 /* ConversationItem.cpp */,
				1C4147AA11EF37DA003A48F8 /* Conversation.h */,
				1C4147AB11EF37DA003A48F8 /* Conversation.cpp */,
				1C4147AC11EF37DA003A48F8 /* ConversationManager.h */,
				1C4147AD11EF37DA003A48F8 /* ConversationManager.cpp */,
				1C4147AE11EF37DA003A48F8 /* FileTransfer.h */,
				1C4147AF11EF37DA003A48F8 /* FileTransfer.cpp */,
				1CAAB9E1122BF30F00056B5B /* Preferences.h */,
				1CAAB9E2122BF30F00056B5B /* Preferences.cpp */,
				1C4147B011EF37DA003A48F8 /* BmeClient.h */,
				1C4147B111EF37DA003A48F8 /* BmeClient.cpp */,
			);
			name = Client;
			sourceTree = "<group>";
		};
		1C4147B211EF37DA003A48F8 /* UI */ = {
			isa = PBXGroup;
			children = (
				1C4147B311EF37DA003A48F8 /* Color.h */,
				1C4147B411EF37DA003A48F8 /* Image.h */,
				1C4147B511EF37DA003A48F8 /* Image.cpp */,
				1C4147B611EF37DA003A48F8 /* IUIUserListener.h */,
				1C4147B711EF37DA003A48F8 /* IUIContactListListener.h */,
				1C4147B811EF37DA003A48F8 /* IUIConversationListener.h */,
				1C2B213C12158D9F004447A6 /* IUIListener.h */,
				1C2B21621215927D004447A6 /* IUIListener.cpp */,
				1C2B213912158D3A004447A6 /* UIEventProvider.h */,
				1C2B213A12158D3A004447A6 /* UIEventProvider.cpp */,
			);
			name = UI;
			sourceTree = "<group>";
		};
		29B97314FDCFA39411CA2CEA /* BmeApp */ = {
			isa = PBXGroup;
			children = (
				080E96DDFE201D6D7F000001 /* Classes */,
				29B97315FDCFA39411CA2CEA /* Other Sources */,
				29B97317FDCFA39411CA2CEA /* Resources */,
				29B97323FDCFA39411CA2CEA /* Frameworks */,
				19C28FACFE9D520D11CA2CBB /* Products */,
			);
			name = BmeApp;
			sourceTree = "<group>";
		};
		29B97315FDCFA39411CA2CEA /* Other Sources */ = {
			isa = PBXGroup;
			children = (
				256AC3F00F4B6AF500CF3369 /* BmeApp_Prefix.pch */,
				29B97316FDCFA39411CA2CEA /* main.m */,
			);
			name = "Other Sources";
			sourceTree = "<group>";
		};
		29B97317FDCFA39411CA2CEA /* Resources */ = {
			isa = PBXGroup;
			children = (
				1C3691D0122D4E65008FFF7C /* Graphics */,
				8D1107310486CEB800E47090 /* BmeApp-Info.plist */,
				089C165CFE840E0CC02AAC07 /* InfoPlist.strings */,
				1DDD58140DA1D0A300B32029 /* MainMenu.xib */,
			);
			name = Resources;
			sourceTree = "<group>";
		};
		29B97323FDCFA39411CA2CEA /* Frameworks */ = {
			isa = PBXGroup;
			children = (
				1058C7A0FEA54F0111CA2CBB /* Linked Frameworks */,
				1058C7A2FEA54F0111CA2CBB /* Other Frameworks */,
			);
			name = Frameworks;
			sourceTree = "<group>";
		};
/* End PBXGroup section */

/* Begin PBXNativeTarget section */
		8D1107260486CEB800E47090 /* BmeApp */ = {
			isa = PBXNativeTarget;
			buildConfigurationList = C01FCF4A08A954540054247B /* Build configuration list for PBXNativeTarget "BmeApp" */;
			buildPhases = (
				8D1107290486CEB800E47090 /* Resources */,
				8D11072C0486CEB800E47090 /* Sources */,
				8D11072E0486CEB800E47090 /* Frameworks */,
			);
			buildRules = (
			);
			dependencies = (
			);
			name = BmeApp;
			productInstallPath = "$(HOME)/Applications";
			productName = BmeApp;
			productReference = 8D1107320486CEB800E47090 /* BmeApp.app */;
			productType = "com.apple.product-type.application";
		};
/* End PBXNativeTarget section */

/* Begin PBXProject section */
		29B97313FDCFA39411CA2CEA /* Project object */ = {
			isa = PBXProject;
			buildConfigurationList = C01FCF4E08A954540054247B /* Build configuration list for PBXProject "BmeApp" */;
			compatibilityVersion = "Xcode 3.1";
			developmentRegion = English;
			hasScannedForEncodings = 1;
			knownRegions = (
				English,
				Japanese,
				French,
				German,
			);
			mainGroup = 29B97314FDCFA39411CA2CEA /* BmeApp */;
			projectDirPath = "";
			projectRoot = "";
			targets = (
				8D1107260486CEB800E47090 /* BmeApp */,
			);
		};
/* End PBXProject section */

/* Begin PBXResourcesBuildPhase section */
		8D1107290486CEB800E47090 /* Resources */ = {
			isa = PBXResourcesBuildPhase;
			buildActionMask = 2147483647;
			files = (
				8D11072B0486CEB800E47090 /* InfoPlist.strings in Resources */,
				1DDD58160DA1D0A300B32029 /* MainMenu.xib in Resources */,
				1C369276122D4E65008FFF7C /* Graphics in Resources */,
			);
			runOnlyForDeploymentPostprocessing = 0;
		};
/* End PBXResourcesBuildPhase section */

/* Begin PBXSourcesBuildPhase section */
		8D11072C0486CEB800E47090 /* Sources */ = {
			isa = PBXSourcesBuildPhase;
			buildActionMask = 2147483647;
			files = (
				8D11072D0486CEB800E47090 /* main.m in Sources */,
				256AC3DA0F4B6AC300CF3369 /* BmeAppAppDelegate.mm in Sources */,
				1C41475611EF3749003A48F8 /* ContactListController.mm in Sources */,
				1C4147B911EF37DA003A48F8 /* IThread.cpp in Sources */,
				1C4147BA11EF37DA003A48F8 /* MacPlatform.mm in Sources */,
				1C4147BB11EF37DA003A48F8 /* MacConnection.mm in Sources */,
				1C4147BC11EF37DA003A48F8 /* MacConnectionManager.mm in Sources */,
				1C4147BD11EF37DA003A48F8 /* MacThread.mm in Sources */,
				1C4147BE11EF37DA003A48F8 /* MacImageManager.mm in Sources */,
				1C4147BF11EF37DA003A48F8 /* MacCrypto.cpp in Sources */,
				1C4147C011EF37DA003A48F8 /* MacMD5.cpp in Sources */,
				1C4147C111EF37DA003A48F8 /* HTTPFormatter.cpp in Sources */,
				1C4147C211EF37DA003A48F8 /* Common.cpp in Sources */,
				1C4147C311EF37DA003A48F8 /* ProtocolMessage.cpp in Sources */,
				1C4147C411EF37DA003A48F8 /* ChatMessage.cpp in Sources */,
				1C4147C511EF37DA003A48F8 /* ProtocolHandler.cpp in Sources */,
				1C4147C611EF37DA003A48F8 /* ServerConnection.cpp in Sources */,
				1C4147C711EF37DA003A48F8 /* Protocol.cpp in Sources */,
				1C4147C811EF37DA003A48F8 /* NSServerConnection.cpp in Sources */,
				1C4147C911EF37DA003A48F8 /* MSNP12Protocol.cpp in Sources */,
				1C4147CA11EF37DA003A48F8 /* MSNP12UserProtocol.cpp in Sources */,
				1C4147CB11EF37DA003A48F8 /* MSNP12ContactListProtocol.cpp in Sources */,
				1C4147CC11EF37DA003A48F8 /* MSNP12PingHandler.cpp in Sources */,
				1C4147CD11EF37DA003A48F8 /* Status.cpp in Sources */,
				1C4147CE11EF37DA003A48F8 /* User.cpp in Sources */,
				1C4147CF11EF37DA003A48F8 /* Contact.cpp in Sources */,
				1C4147D011EF37DA003A48F8 /* ContactList.cpp in Sources */,
				1C4147D111EF37DA003A48F8 /* ConversationItem.cpp in Sources */,
				1C4147D211EF37DA003A48F8 /* Conversation.cpp in Sources */,
				1C4147D311EF37DA003A48F8 /* ConversationManager.cpp in Sources */,
				1C4147D411EF37DA003A48F8 /* FileTransfer.cpp in Sources */,
				1C4147D511EF37DA003A48F8 /* BmeClient.cpp in Sources */,
				1C4147D611EF37DA003A48F8 /* Image.cpp in Sources */,
				1C2B213B12158D3A004447A6 /* UIEventProvider.cpp in Sources */,
				1C2B21631215927D004447A6 /* IUIListener.cpp in Sources */,
				1C2B7A1112268B0E00AC489E /* XMLNode.cpp in Sources */,
				1C2B7A2612268FCD00AC489E /* XMLDocument.cpp in Sources */,
				1C2B7A2B1226927F00AC489E /* XMLElement.cpp in Sources */,
				1CAAB9CC122BEC5300056B5B /* IconPrefs.cpp in Sources */,
				1CAAB9E3122BF30F00056B5B /* Preferences.cpp in Sources */,
				1C36900B122D3CE2008FFF7C /* MacPath.mm in Sources */,
				1C369038122D447D008FFF7C /* MacPathManager.mm in Sources */,
			);
			runOnlyForDeploymentPostprocessing = 0;
		};
/* End PBXSourcesBuildPhase section */

/* Begin PBXVariantGroup section */
		089C165CFE840E0CC02AAC07 /* InfoPlist.strings */ = {
			isa = PBXVariantGroup;
			children = (
				089C165DFE840E0CC02AAC07 /* English */,
			);
			name = InfoPlist.strings;
			sourceTree = "<group>";
		};
		1DDD58140DA1D0A300B32029 /* MainMenu.xib */ = {
			isa = PBXVariantGroup;
			children = (
				1DDD58150DA1D0A300B32029 /* English */,
			);
			name = MainMenu.xib;
			sourceTree = "<group>";
		};
/* End PBXVariantGroup section */

/* Begin XCBuildConfiguration section */
		C01FCF4B08A954540054247B /* Debug */ = {
			isa = XCBuildConfiguration;
			buildSettings = {
				ALWAYS_SEARCH_USER_PATHS = NO;
				COPY_PHASE_STRIP = NO;
				GCC_DYNAMIC_NO_PIC = NO;
				GCC_ENABLE_FIX_AND_CONTINUE = YES;
				GCC_MODEL_TUNING = G5;
				GCC_OPTIMIZATION_LEVEL = 0;
				GCC_PRECOMPILE_PREFIX_HEADER = YES;
				GCC_PREFIX_HEADER = BmeApp_Prefix.pch;
				INFOPLIST_FILE = "BmeApp-Info.plist";
				INSTALL_PATH = "$(HOME)/Applications";
				PRODUCT_NAME = BmeApp;
			};
			name = Debug;
		};
		C01FCF4C08A954540054247B /* Release */ = {
			isa = XCBuildConfiguration;
			buildSettings = {
				ALWAYS_SEARCH_USER_PATHS = NO;
				DEBUG_INFORMATION_FORMAT = "dwarf-with-dsym";
				GCC_MODEL_TUNING = G5;
				GCC_PRECOMPILE_PREFIX_HEADER = YES;
				GCC_PREFIX_HEADER = BmeApp_Prefix.pch;
				INFOPLIST_FILE = "BmeApp-Info.plist";
				INSTALL_PATH = "$(HOME)/Applications";
				PRODUCT_NAME = BmeApp;
			};
			name = Release;
		};
		C01FCF4F08A954540054247B /* Debug */ = {
			isa = XCBuildConfiguration;
			buildSettings = {
				ARCHS = "$(ARCHS_STANDARD_32_64_BIT)";
				GCC_C_LANGUAGE_STANDARD = gnu99;
				GCC_OPTIMIZATION_LEVEL = 0;
				GCC_WARN_ABOUT_RETURN_TYPE = YES;
				GCC_WARN_UNUSED_VARIABLE = YES;
				ONLY_ACTIVE_ARCH = YES;
				PREBINDING = NO;
				SDKROOT = macosx10.6;
			};
			name = Debug;
		};
		C01FCF5008A954540054247B /* Release */ = {
			isa = XCBuildConfiguration;
			buildSettings = {
				ARCHS = "$(ARCHS_STANDARD_32_64_BIT)";
				GCC_C_LANGUAGE_STANDARD = gnu99;
				GCC_WARN_ABOUT_RETURN_TYPE = YES;
				GCC_WARN_UNUSED_VARIABLE = YES;
				PREBINDING = NO;
				SDKROOT = macosx10.6;
			};
			name = Release;
		};
/* End XCBuildConfiguration section */

/* Begin XCConfigurationList section */
		C01FCF4A08A954540054247B /* Build configuration list for PBXNativeTarget "BmeApp" */ = {
			isa = XCConfigurationList;
			buildConfigurations = (
				C01FCF4B08A954540054247B /* Debug */,
				C01FCF4C08A954540054247B /* Release */,
			);
			defaultConfigurationIsVisible = 0;
			defaultConfigurationName = Release;
		};
		C01FCF4E08A954540054247B /* Build configuration list for PBXProject "BmeApp" */ = {
			isa = XCConfigurationList;
			buildConfigurations = (
				C01FCF4F08A954540054247B /* Debug */,
				C01FCF5008A954540054247B /* Release */,
			);
			defaultConfigurationIsVisible = 0;
			defaultConfigurationName = Release;
		};
/* End XCConfigurationList section */
	};
	rootObject = 29B97313FDCFA39411CA2CEA /* Project object */;
}
